<?xml version="1.0" encoding="utf-8"?>
<Project ToolsVersion="4.0" xmlns="http://schemas.microsoft.com/developer/msbuild/2003">
  <ItemGroup>
    <Filter Include="TopHat">
      <UniqueIdentifier>{35A3E7D3-2145-12AA-0A00-26FEF64099FA}</UniqueIdentifier>
    </Filter>
  </ItemGroup>
  <ItemGroup>
    <ClInclude Include="src\TopHat.h" />
  </ItemGroup>
  <ItemGroup>
    <ClCompile Include="src\TopHat\Application.cpp">
      <Filter>TopHat</Filter>
    </ClCompile>
    <ClCompile Include="src\TopHat\Log.cpp">
      <Filter>TopHat</Filter>
    </ClCompile>
  </ItemGroup>
</Project>